// !$*UTF8*$!
{
	archiveVersion = 1;
	classes = {
	};
	objectVersion = 46;
	objects = {

/* Begin PBXBuildFile section */
		3FF4826F1908E83100EB2918 /* Foundation.framework in Frameworks */ = {isa = PBXBuildFile; fileRef = 3FF4826E1908E83100EB2918 /* Foundation.framework */; };
		3FF482711908E83100EB2918 /* CoreGraphics.framework in Frameworks */ = {isa = PBXBuildFile; fileRef = 3FF482701908E83100EB2918 /* CoreGraphics.framework */; };
		3FF482731908E83100EB2918 /* UIKit.framework in Frameworks */ = {isa = PBXBuildFile; fileRef = 3FF482721908E83100EB2918 /* UIKit.framework */; };
		3FF482791908E83100EB2918 /* InfoPlist.strings in Resources */ = {isa = PBXBuildFile; fileRef = 3FF482771908E83100EB2918 /* InfoPlist.strings */; };
		3FF4827B1908E83100EB2918 /* main.m in Sources */ = {isa = PBXBuildFile; fileRef = 3FF4827A1908E83100EB2918 /* main.m */; };
		3FF4827F1908E83100EB2918 /* AppDelegate.m in Sources */ = {isa = PBXBuildFile; fileRef = 3FF4827E1908E83100EB2918 /* AppDelegate.m */; };
		3FF482821908E83200EB2918 /* Main.storyboard in Resources */ = {isa = PBXBuildFile; fileRef = 3FF482801908E83200EB2918 /* Main.storyboard */; };
		3FF482851908E83200EB2918 /* MasterViewController.m in Sources */ = {isa = PBXBuildFile; fileRef = 3FF482841908E83200EB2918 /* MasterViewController.m */; };
		3FF482881908E83200EB2918 /* DetailViewController.m in Sources */ = {isa = PBXBuildFile; fileRef = 3FF482871908E83200EB2918 /* DetailViewController.m */; };
		3FF4828A1908E83200EB2918 /* Images.xcassets in Resources */ = {isa = PBXBuildFile; fileRef = 3FF482891908E83200EB2918 /* Images.xcassets */; };
		3FF482911908E83200EB2918 /* XCTest.framework in Frameworks */ = {isa = PBXBuildFile; fileRef = 3FF482901908E83200EB2918 /* XCTest.framework */; };
		3FF482921908E83200EB2918 /* Foundation.framework in Frameworks */ = {isa = PBXBuildFile; fileRef = 3FF4826E1908E83100EB2918 /* Foundation.framework */; };
		3FF482931908E83200EB2918 /* UIKit.framework in Frameworks */ = {isa = PBXBuildFile; fileRef = 3FF482721908E83100EB2918 /* UIKit.framework */; };
		3FF4829B1908E83200EB2918 /* InfoPlist.strings in Resources */ = {isa = PBXBuildFile; fileRef = 3FF482991908E83200EB2918 /* InfoPlist.strings */; };
		3FF4829D1908E83200EB2918 /* ModulesTests.m in Sources */ = {isa = PBXBuildFile; fileRef = 3FF4829C1908E83200EB2918 /* ModulesTests.m */; };
		3FF482A81908E86100EB2918 /* ModulesModel.m in Sources */ = {isa = PBXBuildFile; fileRef = 3FF482A71908E86100EB2918 /* ModulesModel.m */; };
/* End PBXBuildFile section */

/* Begin PBXContainerItemProxy section */
		3FF482941908E83200EB2918 /* PBXContainerItemProxy */ = {
			isa = PBXContainerItemProxy;
			containerPortal = 3FF482631908E83100EB2918 /* Project object */;
			proxyType = 1;
			remoteGlobalIDString = 3FF4826A1908E83100EB2918;
			remoteInfo = Modules;
		};
/* End PBXContainerItemProxy section */

/* Begin PBXFileReference section */
		3FF4826B1908E83100EB2918 /* Modules.app */ = {isa = PBXFileReference; explicitFileType = wrapper.application; includeInIndex = 0; path = Modules.app; sourceTree = BUILT_PRODUCTS_DIR; };
		3FF4826E1908E83100EB2918 /* Foundation.framework */ = {isa = PBXFileReference; lastKnownFileType = wrapper.framework; name = Foundation.framework; path = System/Library/Frameworks/Foundation.framework; sourceTree = SDKROOT; };
		3FF482701908E83100EB2918 /* CoreGraphics.framework */ = {isa = PBXFileReference; lastKnownFileType = wrapper.framework; name = CoreGraphics.framework; path = System/Library/Frameworks/CoreGraphics.framework; sourceTree = SDKROOT; };
		3FF482721908E83100EB2918 /* UIKit.framework */ = {isa = PBXFileReference; lastKnownFileType = wrapper.framework; name = UIKit.framework; path = System/Library/Frameworks/UIKit.framework; sourceTree = SDKROOT; };
		3FF482761908E83100EB2918 /* Modules-Info.plist */ = {isa = PBXFileReference; lastKnownFileType = text.plist.xml; path = "Modules-Info.plist"; sourceTree = "<group>"; };
		3FF482781908E83100EB2918 /* en */ = {isa = PBXFileReference; lastKnownFileType = text.plist.strings; name = en; path = en.lproj/InfoPlist.strings; sourceTree = "<group>"; };
		3FF4827A1908E83100EB2918 /* main.m */ = {isa = PBXFileReference; lastKnownFileType = sourcecode.c.objc; path = main.m; sourceTree = "<group>"; };
		3FF4827C1908E83100EB2918 /* Modules-Prefix.pch */ = {isa = PBXFileReference; lastKnownFileType = sourcecode.c.h; path = "Modules-Prefix.pch"; sourceTree = "<group>"; };
		3FF4827D1908E83100EB2918 /* AppDelegate.h */ = {isa = PBXFileReference; lastKnownFileType = sourcecode.c.h; path = AppDelegate.h; sourceTree = "<group>"; };
		3FF4827E1908E83100EB2918 /* AppDelegate.m */ = {isa = PBXFileReference; lastKnownFileType = sourcecode.c.objc; path = AppDelegate.m; sourceTree = "<group>"; };
		3FF482811908E83200EB2918 /* Base */ = {isa = PBXFileReference; lastKnownFileType = file.storyboard; name = Base; path = Base.lproj/Main.storyboard; sourceTree = "<group>"; };
		3FF482831908E83200EB2918 /* MasterViewController.h */ = {isa = PBXFileReference; lastKnownFileType = sourcecode.c.h; path = MasterViewController.h; sourceTree = "<group>"; };
		3FF482841908E83200EB2918 /* MasterViewController.m */ = {isa = PBXFileReference; lastKnownFileType = sourcecode.c.objc; path = MasterViewController.m; sourceTree = "<group>"; };
		3FF482861908E83200EB2918 /* DetailViewController.h */ = {isa = PBXFileReference; lastKnownFileType = sourcecode.c.h; path = DetailViewController.h; sourceTree = "<group>"; };
		3FF482871908E83200EB2918 /* DetailViewController.m */ = {isa = PBXFileReference; lastKnownFileType = sourcecode.c.objc; path = DetailViewController.m; sourceTree = "<group>"; };
		3FF482891908E83200EB2918 /* Images.xcassets */ = {isa = PBXFileReference; lastKnownFileType = folder.assetcatalog; path = Images.xcassets; sourceTree = "<group>"; };
		3FF4828F1908E83200EB2918 /* ModulesTests.xctest */ = {isa = PBXFileReference; explicitFileType = wrapper.cfbundle; includeInIndex = 0; path = ModulesTests.xctest; sourceTree = BUILT_PRODUCTS_DIR; };
		3FF482901908E83200EB2918 /* XCTest.framework */ = {isa = PBXFileReference; lastKnownFileType = wrapper.framework; name = XCTest.framework; path = Library/Frameworks/XCTest.framework; sourceTree = DEVELOPER_DIR; };
		3FF482981908E83200EB2918 /* ModulesTests-Info.plist */ = {isa = PBXFileReference; lastKnownFileType = text.plist.xml; path = "ModulesTests-Info.plist"; sourceTree = "<group>"; };
		3FF4829A1908E83200EB2918 /* en */ = {isa = PBXFileReference; lastKnownFileType = text.plist.strings; name = en; path = en.lproj/InfoPlist.strings; sourceTree = "<group>"; };
		3FF4829C1908E83200EB2918 /* ModulesTests.m */ = {isa = PBXFileReference; lastKnownFileType = sourcecode.c.objc; path = ModulesTests.m; sourceTree = "<group>"; };
		3FF482A61908E86100EB2918 /* ModulesModel.h */ = {isa = PBXFileReference; fileEncoding = 4; lastKnownFileType = sourcecode.c.h; path = ModulesModel.h; sourceTree = SOURCE_ROOT; };
		3FF482A71908E86100EB2918 /* ModulesModel.m */ = {isa = PBXFileReference; fileEncoding = 4; lastKnownFileType = sourcecode.c.objc; path = ModulesModel.m; sourceTree = SOURCE_ROOT; };
/* End PBXFileReference section */

/* Begin PBXFrameworksBuildPhase section */
		3FF482681908E83100EB2918 /* Frameworks */ = {
			isa = PBXFrameworksBuildPhase;
			buildActionMask = 2147483647;
			files = (
				3FF482711908E83100EB2918 /* CoreGraphics.framework in Frameworks */,
				3FF482731908E83100EB2918 /* UIKit.framework in Frameworks */,
				3FF4826F1908E83100EB2918 /* Foundation.framework in Frameworks */,
			);
			runOnlyForDeploymentPostprocessing = 0;
		};
		3FF4828C1908E83200EB2918 /* Frameworks */ = {
			isa = PBXFrameworksBuildPhase;
			buildActionMask = 2147483647;
			files = (
				3FF482911908E83200EB2918 /* XCTest.framework in Frameworks */,
				3FF482931908E83200EB2918 /* UIKit.framework in Frameworks */,
				3FF482921908E83200EB2918 /* Foundation.framework in Frameworks */,
			);
			runOnlyForDeploymentPostprocessing = 0;
		};
/* End PBXFrameworksBuildPhase section */

/* Begin PBXGroup section */
		3FF482621908E83100EB2918 = {
			isa = PBXGroup;
			children = (
				3FF482741908E83100EB2918 /* Modules */,
				3FF482961908E83200EB2918 /* ModulesTests */,
				3FF4826D1908E83100EB2918 /* Frameworks */,
				3FF4826C1908E83100EB2918 /* Products */,
			);
			sourceTree = "<group>";
		};
		3FF4826C1908E83100EB2918 /* Products */ = {
			isa = PBXGroup;
			children = (
				3FF4826B1908E83100EB2918 /* Modules.app */,
				3FF4828F1908E83200EB2918 /* ModulesTests.xctest */,
			);
			name = Products;
			sourceTree = "<group>";
		};
		3FF4826D1908E83100EB2918 /* Frameworks */ = {
			isa = PBXGroup;
			children = (
				3FF4826E1908E83100EB2918 /* Foundation.framework */,
				3FF482701908E83100EB2918 /* CoreGraphics.framework */,
				3FF482721908E83100EB2918 /* UIKit.framework */,
				3FF482901908E83200EB2918 /* XCTest.framework */,
			);
			name = Frameworks;
			sourceTree = "<group>";
		};
		3FF482741908E83100EB2918 /* Modules */ = {
			isa = PBXGroup;
			children = (
				3FF482A61908E86100EB2918 /* ModulesModel.h */,
				3FF482A71908E86100EB2918 /* ModulesModel.m */,
				3FF4827D1908E83100EB2918 /* AppDelegate.h */,
				3FF4827E1908E83100EB2918 /* AppDelegate.m */,
				3FF482801908E83200EB2918 /* Main.storyboard */,
				3FF482831908E83200EB2918 /* MasterViewController.h */,
				3FF482841908E83200EB2918 /* MasterViewController.m */,
				3FF482861908E83200EB2918 /* DetailViewController.h */,
				3FF482871908E83200EB2918 /* DetailViewController.m */,
				3FF482891908E83200EB2918 /* Images.xcassets */,
				3FF482751908E83100EB2918 /* Supporting Files */,
			);
			path = Modules;
			sourceTree = "<group>";
		};
		3FF482751908E83100EB2918 /* Supporting Files */ = {
			isa = PBXGroup;
			children = (
				3FF482761908E83100EB2918 /* Modules-Info.plist */,
				3FF482771908E83100EB2918 /* InfoPlist.strings */,
				3FF4827A1908E83100EB2918 /* main.m */,
				3FF4827C1908E83100EB2918 /* Modules-Prefix.pch */,
			);
			name = "Supporting Files";
			sourceTree = "<group>";
		};
		3FF482961908E83200EB2918 /* ModulesTests */ = {
			isa = PBXGroup;
			children = (
				3FF4829C1908E83200EB2918 /* ModulesTests.m */,
				3FF482971908E83200EB2918 /* Supporting Files */,
			);
			path = ModulesTests;
			sourceTree = "<group>";
		};
		3FF482971908E83200EB2918 /* Supporting Files */ = {
			isa = PBXGroup;
			children = (
				3FF482981908E83200EB2918 /* ModulesTests-Info.plist */,
				3FF482991908E83200EB2918 /* InfoPlist.strings */,
			);
			name = "Supporting Files";
			sourceTree = "<group>";
		};
/* End PBXGroup section */

/* Begin PBXNativeTarget section */
		3FF4826A1908E83100EB2918 /* Modules */ = {
			isa = PBXNativeTarget;
			buildConfigurationList = 3FF482A01908E83200EB2918 /* Build configuration list for PBXNativeTarget "Modules" */;
			buildPhases = (
				3FF482671908E83100EB2918 /* Sources */,
				3FF482681908E83100EB2918 /* Frameworks */,
				3FF482691908E83100EB2918 /* Resources */,
			);
			buildRules = (
			);
			dependencies = (
			);
			name = Modules;
			productName = Modules;
			productReference = 3FF4826B1908E83100EB2918 /* Modules.app */;
			productType = "com.apple.product-type.application";
		};
		3FF4828E1908E83200EB2918 /* ModulesTests */ = {
			isa = PBXNativeTarget;
			buildConfigurationList = 3FF482A31908E83200EB2918 /* Build configuration list for PBXNativeTarget "ModulesTests" */;
			buildPhases = (
				3FF4828B1908E83200EB2918 /* Sources */,
				3FF4828C1908E83200EB2918 /* Frameworks */,
				3FF4828D1908E83200EB2918 /* Resources */,
			);
			buildRules = (
			);
			dependencies = (
				3FF482951908E83200EB2918 /* PBXTargetDependency */,
			);
			name = ModulesTests;
			productName = ModulesTests;
			productReference = 3FF4828F1908E83200EB2918 /* ModulesTests.xctest */;
			productType = "com.apple.product-type.bundle.unit-test";
		};
/* End PBXNativeTarget section */

/* Begin PBXProject section */
		3FF482631908E83100EB2918 /* Project object */ = {
			isa = PBXProject;
			attributes = {
				LastUpgradeCheck = 0510;
				ORGANIZATIONNAME = Milan;
				TargetAttributes = {
					3FF4828E1908E83200EB2918 = {
						TestTargetID = 3FF4826A1908E83100EB2918;
					};
				};
			};
			buildConfigurationList = 3FF482661908E83100EB2918 /* Build configuration list for PBXProject "Modules" */;
			compatibilityVersion = "Xcode 3.2";
			developmentRegion = English;
			hasScannedForEncodings = 0;
			knownRegions = (
				en,
				Base,
			);
			mainGroup = 3FF482621908E83100EB2918;
			productRefGroup = 3FF4826C1908E83100EB2918 /* Products */;
			projectDirPath = "";
			projectRoot = "";
			targets = (
				3FF4826A1908E83100EB2918 /* Modules */,
				3FF4828E1908E83200EB2918 /* ModulesTests */,
			);
		};
/* End PBXProject section */

/* Begin PBXResourcesBuildPhase section */
		3FF482691908E83100EB2918 /* Resources */ = {
			isa = PBXResourcesBuildPhase;
			buildActionMask = 2147483647;
			files = (
				3FF4828A1908E83200EB2918 /* Images.xcassets in Resources */,
				3FF482791908E83100EB2918 /* InfoPlist.strings in Resources */,
				3FF482821908E83200EB2918 /* Main.storyboard in Resources */,
			);
			runOnlyForDeploymentPostprocessing = 0;
		};
		3FF4828D1908E83200EB2918 /* Resources */ = {
			isa = PBXResourcesBuildPhase;
			buildActionMask = 2147483647;
			files = (
				3FF4829B1908E83200EB2918 /* InfoPlist.strings in Resources */,
			);
			runOnlyForDeploymentPostprocessing = 0;
		};
/* End PBXResourcesBuildPhase section */

/* Begin PBXSourcesBuildPhase section */
		3FF482671908E83100EB2918 /* Sources */ = {
			isa = PBXSourcesBuildPhase;
			buildActionMask = 2147483647;
			files = (
				3FF4827F1908E83100EB2918 /* AppDelegate.m in Sources */,
				3FF482851908E83200EB2918 /* MasterViewController.m in Sources */,
				3FF4827B1908E83100EB2918 /* main.m in Sources */,
				3FF482A81908E86100EB2918 /* ModulesModel.m in Sources */,
				3FF482881908E83200EB2918 /* DetailViewController.m in Sources */,
			);
			runOnlyForDeploymentPostprocessing = 0;
		};
		3FF4828B1908E83200EB2918 /* Sources */ = {
			isa = PBXSourcesBuildPhase;
			buildActionMask = 2147483647;
			files = (
				3FF4829D1908E83200EB2918 /* ModulesTests.m in Sources */,
			);
			runOnlyForDeploymentPostprocessing = 0;
		};
/* End PBXSourcesBuildPhase section */

/* Begin PBXTargetDependency section */
		3FF482951908E83200EB2918 /* PBXTargetDependency */ = {
			isa = PBXTargetDependency;
			target = 3FF4826A1908E83100EB2918 /* Modules */;
			targetProxy = 3FF482941908E83200EB2918 /* PBXContainerItemProxy */;
		};
/* End PBXTargetDependency section */

/* Begin PBXVariantGroup section */
		3FF482771908E83100EB2918 /* InfoPlist.strings */ = {
			isa = PBXVariantGroup;
			children = (
				3FF482781908E83100EB2918 /* en */,
			);
			name = InfoPlist.strings;
			sourceTree = "<group>";
		};
		3FF482801908E83200EB2918 /* Main.storyboard */ = {
			isa = PBXVariantGroup;
			children = (
				3FF482811908E83200EB2918 /* Base */,
			);
			name = Main.storyboard;
			sourceTree = "<group>";
		};
		3FF482991908E83200EB2918 /* InfoPlist.strings */ = {
			isa = PBXVariantGroup;
			children = (
				3FF4829A1908E83200EB2918 /* en */,
			);
			name = InfoPlist.strings;
			sourceTree = "<group>";
		};
/* End PBXVariantGroup section */

/* Begin XCBuildConfiguration section */
		3FF4829E1908E83200EB2918 /* Debug */ = {
			isa = XCBuildConfiguration;
			buildSettings = {
				ALWAYS_SEARCH_USER_PATHS = NO;
				CLANG_CXX_LANGUAGE_STANDARD = "gnu++0x";
				CLANG_CXX_LIBRARY = "libc++";
				CLANG_ENABLE_MODULES = YES;
				CLANG_ENABLE_OBJC_ARC = YES;
				CLANG_WARN_BOOL_CONVERSION = YES;
				CLANG_WARN_CONSTANT_CONVERSION = YES;
				CLANG_WARN_DIRECT_OBJC_ISA_USAGE = YES_ERROR;
				CLANG_WARN_EMPTY_BODY = YES;
				CLANG_WARN_ENUM_CONVERSION = YES;
				CLANG_WARN_INT_CONVERSION = YES;
				CLANG_WARN_OBJC_ROOT_CLASS = YES_ERROR;
				CLANG_WARN__DUPLICATE_METHOD_MATCH = YES;
				"CODE_SIGN_IDENTITY[sdk=iphoneos*]" = "iPhone Developer";
				COPY_PHASE_STRIP = NO;
				GCC_C_LANGUAGE_STANDARD = gnu99;
				GCC_DYNAMIC_NO_PIC = NO;
				GCC_OPTIMIZATION_LEVEL = 0;
				GCC_PREPROCESSOR_DEFINITIONS = (
					"DEBUG=1",
					"$(inherited)",
				);
				GCC_SYMBOLS_PRIVATE_EXTERN = NO;
				GCC_WARN_64_TO_32_BIT_CONVERSION = YES;
				GCC_WARN_ABOUT_RETURN_TYPE = YES_ERROR;
				GCC_WARN_UNDECLARED_SELECTOR = YES;
				GCC_WARN_UNINITIALIZED_AUTOS = YES_AGGRESSIVE;
				GCC_WARN_UNUSED_FUNCTION = YES;
				GCC_WARN_UNUSED_VARIABLE = YES;
				IPHONEOS_DEPLOYMENT_TARGET = 7.1;
				ONLY_ACTIVE_ARCH = YES;
				SDKROOT = iphoneos;
			};
			name = Debug;
		};
		3FF4829F1908E83200EB2918 /* Release */ = {
			isa = XCBuildConfiguration;
			buildSettings = {
				ALWAYS_SEARCH_USER_PATHS = NO;
				CLANG_CXX_LANGUAGE_STANDARD = "gnu++0x";
				CLANG_CXX_LIBRARY = "libc++";
				CLANG_ENABLE_MODULES = YES;
				CLANG_ENABLE_OBJC_ARC = YES;
				CLANG_WARN_BOOL_CONVERSION = YES;
				CLANG_WARN_CONSTANT_CONVERSION = YES;
				CLANG_WARN_DIRECT_OBJC_ISA_USAGE = YES_ERROR;
				CLANG_WARN_EMPTY_BODY = YES;
				CLANG_WARN_ENUM_CONVERSION = YES;
				CLANG_WARN_INT_CONVERSION = YES;
				CLANG_WARN_OBJC_ROOT_CLASS = YES_ERROR;
				CLANG_WARN__DUPLICATE_METHOD_MATCH = YES;
				"CODE_SIGN_IDENTITY[sdk=iphoneos*]" = "iPhone Developer";
				COPY_PHASE_STRIP = YES;
				ENABLE_NS_ASSERTIONS = NO;
				GCC_C_LANGUAGE_STANDARD = gnu99;
				GCC_WARN_64_TO_32_BIT_CONVERSION = YES;
				GCC_WARN_ABOUT_RETURN_TYPE = YES_ERROR;
				GCC_WARN_UNDECLARED_SELECTOR = YES;
				GCC_WARN_UNINITIALIZED_AUTOS = YES_AGGRESSIVE;
				GCC_WARN_UNUSED_FUNCTION = YES;
				GCC_WARN_UNUSED_VARIABLE = YES;
				IPHONEOS_DEPLOYMENT_TARGET = 7.1;
				SDKROOT = iphoneos;
				VALIDATE_PRODUCT = YES;
			};
			name = Release;
		};
		3FF482A11908E83200EB2918 /* Debug */ = {
			isa = XCBuildConfiguration;
			buildSettings = {
				ASSETCATALOG_COMPILER_APPICON_NAME = AppIcon;
				ASSETCATALOG_COMPILER_LAUNCHIMAGE_NAME = LaunchImage;
				GCC_PRECOMPILE_PREFIX_HEADER = YES;
				GCC_PREFIX_HEADER = "Modules/Modules-Prefix.pch";
				INFOPLIST_FILE = "Modules/Modules-Info.plist";
				PRODUCT_NAME = "$(TARGET_NAME)";
				WRAPPER_EXTENSION = app;
			};
			name = Debug;
		};
		3FF482A21908E83200EB2918 /* Release */ = {
			isa = XCBuildConfiguration;
			buildSettings = {
				ASSETCATALOG_COMPILER_APPICON_NAME = AppIcon;
				ASSETCATALOG_COMPILER_LAUNCHIMAGE_NAME = LaunchImage;
				GCC_PRECOMPILE_PREFIX_HEADER = YES;
				GCC_PREFIX_HEADER = "Modules/Modules-Prefix.pch";
				INFOPLIST_FILE = "Modules/Modules-Info.plist";
				PRODUCT_NAME = "$(TARGET_NAME)";
				WRAPPER_EXTENSION = app;
			};
			name = Release;
		};
		3FF482A41908E83200EB2918 /* Debug */ = {
			isa = XCBuildConfiguration;
			buildSettings = {
				BUNDLE_LOADER = "$(BUILT_PRODUCTS_DIR)/Modules.app/Modules";
				FRAMEWORK_SEARCH_PATHS = (
					"$(SDKROOT)/Developer/Library/Frameworks",
					"$(inherited)",
					"$(DEVELOPER_FRAMEWORKS_DIR)",
				);
				GCC_PRECOMPILE_PREFIX_HEADER = YES;
				GCC_PREFIX_HEADER = "Modules/Modules-Prefix.pch";
				GCC_PREPROCESSOR_DEFINITIONS = (
					"DEBUG=1",
					"$(inherited)",
				);
				INFOPLIST_FILE = "ModulesTests/ModulesTests-Info.plist";
				PRODUCT_NAME = "$(TARGET_NAME)";
				TEST_HOST = "$(BUNDLE_LOADER)";
				WRAPPER_EXTENSION = xctest;
			};
			name = Debug;
		};
		3FF482A51908E83200EB2918 /* Release */ = {
			isa = XCBuildConfiguration;
			buildSettings = {
				BUNDLE_LOADER = "$(BUILT_PRODUCTS_DIR)/Modules.app/Modules";
				FRAMEWORK_SEARCH_PATHS = (
					"$(SDKROOT)/Developer/Library/Frameworks",
					"$(inherited)",
					"$(DEVELOPER_FRAMEWORKS_DIR)",
				);
				GCC_PRECOMPILE_PREFIX_HEADER = YES;
				GCC_PREFIX_HEADER = "Modules/Modules-Prefix.pch";
				INFOPLIST_FILE = "ModulesTests/ModulesTests-Info.plist";
				PRODUCT_NAME = "$(TARGET_NAME)";
				TEST_HOST = "$(BUNDLE_LOADER)";
				WRAPPER_EXTENSION = xctest;
			};
			name = Release;
		};
/* End XCBuildConfiguration section */

/* Begin XCConfigurationList section */
		3FF482661908E83100EB2918 /* Build configuration list for PBXProject "Modules" */ = {
			isa = XCConfigurationList;
			buildConfigurations = (
				3FF4829E1908E83200EB2918 /* Debug */,
				3FF4829F1908E83200EB2918 /* Release */,
			);
			defaultConfigurationIsVisible = 0;
			defaultConfigurationName = Release;
		};
		3FF482A01908E83200EB2918 /* Build configuration list for PBXNativeTarget "Modules" */ = {
			isa = XCConfigurationList;
			buildConfigurations = (
				3FF482A11908E83200EB2918 /* Debug */,
				3FF482A21908E83200EB2918 /* Release */,
			);
			defaultConfigurationIsVisible = 0;
		};
		3FF482A31908E83200EB2918 /* Build configuration list for PBXNativeTarget "ModulesTests" */ = {
			isa = XCConfigurationList;
			buildConfigurations = (
				3FF482A41908E83200EB2918 /* Debug */,
				3FF482A51908E83200EB2918 /* Release */,
			);
			defaultConfigurationIsVisible = 0;
		};
/* End XCConfigurationList section */
	};
	rootObject = 3FF482631908E83100EB2918 /* Project object */;
}
